
Microsoft Visual Studio Solution File, Format Version 12.00
# Visual Studio Version 17
VisualStudioVersion = 17.8.34511.84
MinimumVisualStudioVersion = 10.0.40219.1
Project("{FAE04EC0-301F-11D3-BF4B-00C04F79EFBC}") = "ATV3_CJ3022528", "ATV3_CJ3022528\ATV3_CJ3022528.csproj", "{9E86D105-F49A-40C5-9580-EEA7B33A87DF}"
EndProject
Global
	GlobalSection(SolutionConfigurationPlatforms) = preSolution
		Debug|Any CPU = Debug|Any CPU
		Release|Any CPU = Release|Any CPU
	EndGlobalSection
	GlobalSection(ProjectConfigurationPlatforms) = postSolution
		{9E86D105-F49A-40C5-9580-EEA7B33A87DF}.Debug|Any CPU.ActiveCfg = Debug|Any CPU
		{9E86D105-F49A-40C5-9580-EEA7B33A87DF}.Debug|Any CPU.Build.0 = Debug|Any CPU
		{9E86D105-F49A-40C5-9580-EEA7B33A87DF}.Release|Any CPU.ActiveCfg = Release|Any CPU
		{9E86D105-F49A-40C5-9580-EEA7B33A87DF}.Release|Any CPU.Build.0 = Release|Any CPU
	EndGlobalSection
	GlobalSection(SolutionProperties) = preSolution
		HideSolutionNode = FALSE
	EndGlobalSection
	GlobalSection(ExtensibilityGlobals) = postSolution
		SolutionGuid = {C36CD669-E3C9-49EF-B31F-71020D2C86CC}
	EndGlobalSection
EndGlobal
